<?xml version="1.0" encoding="utf-8"?>
<Project ToolsVersion="4.0" xmlns="http://schemas.microsoft.com/developer/msbuild/2003">
  <ItemGroup>
    <Filter Include="system">
      <UniqueIdentifier>{22dd8095-74f9-46df-81a1-36675a040b1f}</UniqueIdentifier>
    </Filter>
  </ItemGroup>
  <ItemGroup>
    <ClCompile Include="stdafx.cpp" />
    <ClCompile Include="main.cpp" />
    <ClCompile Include="system\system.cpp">
      <Filter>system</Filter>
    </ClCompile>
    <ClCompile Include="Game.cpp" />
    <ClCompile Include="Player.cpp" />
    <ClCompile Include="Background.cpp" />
    <ClCompile Include="TankEnemy.cpp" />
    <ClCompile Include="GameCamera.cpp" />
    <ClCompile Include="Title.cpp" />
    <ClCompile Include="Fade.cpp" />
    <ClCompile Include="SpeedEnemy.cpp" />
    <ClCompile Include="EnemyPath.cpp" />
    <ClCompile Include="GameClear.cpp" />
    <ClCompile Include="index.cpp" />
    <ClCompile Include="Menu.cpp" />
    <ClCompile Include="Floor.cpp" />
    <ClCompile Include="PAUSE.cpp" />
    <ClCompile Include="Retry.cpp" />
    <ClCompile Include="box.cpp" />
    <ClCompile Include="ClearCounter.cpp" />
    <ClCompile Include="GameStart.cpp" />
    <ClCompile Include="UI.cpp" />
  </ItemGroup>
  <ItemGroup>
    <ClInclude Include="stdafx.h" />
    <ClInclude Include="system\system.h">
      <Filter>system</Filter>
    </ClInclude>
    <ClInclude Include="Game.h" />
    <ClInclude Include="Player.h" />
    <ClInclude Include="Background.h" />
    <ClInclude Include="TankEnemy.h" />
    <ClInclude Include="GameCamera.h" />
    <ClInclude Include="Title.h" />
    <ClInclude Include="Fade.h" />
    <ClInclude Include="SpeedEnemy.h" />
    <ClInclude Include="EnemyPath.h" />
    <ClInclude Include="GameClear.h" />
    <ClInclude Include="index.h" />
    <ClInclude Include="Menu.h" />
    <ClInclude Include="Floor.h" />
    <ClInclude Include="PAUSE.h" />
    <ClInclude Include="Retry.h" />
    <ClInclude Include="box.h" />
    <ClInclude Include="ClearCounter.h" />
    <ClInclude Include="GameStart.h" />
    <ClInclude Include="UI.h" />
  </ItemGroup>
</Project>